
Microsoft Visual Studio Solution File, Format Version 12.00
# Visual Studio Version 16
VisualStudioVersion = 16.0.31624.102
MinimumVisualStudioVersion = 10.0.40219.1
Project("{2150E333-8FDC-42A3-9474-1A3956D46DE8}") = "01. Clients", "01. Clients", "{B1DBBD14-C91B-475E-8EEA-6CE0B63E5029}"
EndProject
Project("{2150E333-8FDC-42A3-9474-1A3956D46DE8}") = "02. Api.Gateways", "02. Api.Gateways", "{E2C964B9-9338-4540-B93F-AE434D7B89E5}"
EndProject
Project("{2150E333-8FDC-42A3-9474-1A3956D46DE8}") = "03. Services", "03. Services", "{3CEDDC9D-54C5-4D4D-8BA1-B52937CD4083}"
EndProject
Project("{2150E333-8FDC-42A3-9474-1A3956D46DE8}") = "04. Common", "04. Common", "{356138FE-1813-4E9B-AB54-B89D8E5F6786}"
EndProject
Project("{2150E333-8FDC-42A3-9474-1A3956D46DE8}") = "02. Products", "02. Products", "{D0B7A1AE-91CE-4E53-9BC8-A7923D7D3ACA}"
EndProject
Project("{9A19103F-16F7-4668-BE54-9A1E7A4F7556}") = "Products.Api", "src\03. Services\02. Products\Products.Api\Products.Api.csproj", "{EA9B085F-AA28-4781-A1F4-F0AE6D46062D}"
EndProject
Project("{2150E333-8FDC-42A3-9474-1A3956D46DE8}") = "01. API", "01. API", "{D7CA31DE-BB52-49C3-A327-4100B40764A4}"
EndProject
Project("{2150E333-8FDC-42A3-9474-1A3956D46DE8}") = "02. Services", "02. Services", "{60A64FDD-6AB4-490C-AC8D-383F58339363}"
EndProject
Project("{9A19103F-16F7-4668-BE54-9A1E7A4F7556}") = "Products.Service.EventHandlers", "src\03. Services\02. Products\Products.Service.EventHandlers\Products.Service.EventHandlers.csproj", "{2EEE7431-C9E7-43AC-BC21-5CAC887739D0}"
EndProject
Project("{9A19103F-16F7-4668-BE54-9A1E7A4F7556}") = "Products.Service.Queries", "src\03. Services\02. Products\Products.Service.Queries\Products.Service.Queries.csproj", "{18ED75F3-CCC5-48F8-A3DA-89EB76F1CD14}"
EndProject
Project("{2150E333-8FDC-42A3-9474-1A3956D46DE8}") = "03. Persistence", "03. Persistence", "{7A0F8868-B648-49F0-9EF3-7BC4C40B7749}"
EndProject
Project("{9A19103F-16F7-4668-BE54-9A1E7A4F7556}") = "Products.Persistence.Database", "src\03. Services\02. Products\Products.Persistence.Database\Products.Persistence.Database.csproj", "{82C5DA37-BD2B-485B-96F4-02A4E72E8CBB}"
EndProject
Project("{2150E333-8FDC-42A3-9474-1A3956D46DE8}") = "04. Models", "04. Models", "{EC81111E-2CBB-4C8A-AF12-B7427216D107}"
EndProject
Project("{9A19103F-16F7-4668-BE54-9A1E7A4F7556}") = "Products.Domain", "src\03. Services\02. Products\Products.Domain\Products.Domain.csproj", "{13A9627A-7554-44A5-9456-02E547994DB3}"
EndProject
Project("{2150E333-8FDC-42A3-9474-1A3956D46DE8}") = "05. Common", "05. Common", "{8D0E419F-D096-4270-8A63-3302457E29FC}"
EndProject
Project("{9A19103F-16F7-4668-BE54-9A1E7A4F7556}") = "Products.Common", "src\03. Services\02. Products\Products.Common\Products.Common.csproj", "{E095639E-C5DC-4135-BA98-6606AD7BC2AF}"
EndProject
Project("{2150E333-8FDC-42A3-9474-1A3956D46DE8}") = "06. Testing", "06. Testing", "{DDBAC5FB-ECCE-4F41-9949-BF3421349D7C}"
EndProject
Project("{9A19103F-16F7-4668-BE54-9A1E7A4F7556}") = "Products.Tests", "src\03. Services\02. Products\Products.Tests\Products.Tests.csproj", "{64EE23A8-8129-4EC0-80B3-EE162F9AF963}"
EndProject
Project("{2150E333-8FDC-42A3-9474-1A3956D46DE8}") = "01. Identity", "01. Identity", "{50D60893-59C3-42C7-91F0-FA0F60515945}"
EndProject
Project("{2150E333-8FDC-42A3-9474-1A3956D46DE8}") = "03. Rebalancer", "03. Rebalancer", "{104480CD-301F-48D2-86E3-C925E20F6857}"
EndProject
Project("{2150E333-8FDC-42A3-9474-1A3956D46DE8}") = "04. Order", "04. Order", "{25524407-1162-44FF-BCB2-547AB4D356FE}"
EndProject
Project("{2150E333-8FDC-42A3-9474-1A3956D46DE8}") = "05. Common", "05. Common", "{479A5527-0CB0-4D2E-8264-E57FD067624D}"
EndProject
Project("{9A19103F-16F7-4668-BE54-9A1E7A4F7556}") = "Service.Common.Collection", "src\03. Services\05. Common\Service.Common.Collection\Service.Common.Collection.csproj", "{05E08DCE-A56A-4CCB-ADB6-FBE17B87C3C7}"
EndProject
Project("{9A19103F-16F7-4668-BE54-9A1E7A4F7556}") = "Service.Common.Mapping", "src\03. Services\05. Common\Service.Common.Mapping\Service.Common.Mapping.csproj", "{75CE067C-08C6-4427-B454-219F42D01436}"
EndProject
Project("{9A19103F-16F7-4668-BE54-9A1E7A4F7556}") = "Service.Common.Paging", "src\03. Services\05. Common\Service.Common.Paging\Service.Common.Paging.csproj", "{E52900A7-4F89-47D8-A5EF-CFD1CA0D9B64}"
EndProject
Project("{9A19103F-16F7-4668-BE54-9A1E7A4F7556}") = "Common.Logging", "src\04. Common\Common.Logging\Common.Logging.csproj", "{1B0CB095-629C-4B68-8934-D09FF61C510C}"
EndProject
Global
	GlobalSection(SolutionConfigurationPlatforms) = preSolution
		Debug|Any CPU = Debug|Any CPU
		Release|Any CPU = Release|Any CPU
	EndGlobalSection
	GlobalSection(ProjectConfigurationPlatforms) = postSolution
		{EA9B085F-AA28-4781-A1F4-F0AE6D46062D}.Debug|Any CPU.ActiveCfg = Debug|Any CPU
		{EA9B085F-AA28-4781-A1F4-F0AE6D46062D}.Debug|Any CPU.Build.0 = Debug|Any CPU
		{EA9B085F-AA28-4781-A1F4-F0AE6D46062D}.Release|Any CPU.ActiveCfg = Release|Any CPU
		{EA9B085F-AA28-4781-A1F4-F0AE6D46062D}.Release|Any CPU.Build.0 = Release|Any CPU
		{2EEE7431-C9E7-43AC-BC21-5CAC887739D0}.Debug|Any CPU.ActiveCfg = Debug|Any CPU
		{2EEE7431-C9E7-43AC-BC21-5CAC887739D0}.Debug|Any CPU.Build.0 = Debug|Any CPU
		{2EEE7431-C9E7-43AC-BC21-5CAC887739D0}.Release|Any CPU.ActiveCfg = Release|Any CPU
		{2EEE7431-C9E7-43AC-BC21-5CAC887739D0}.Release|Any CPU.Build.0 = Release|Any CPU
		{18ED75F3-CCC5-48F8-A3DA-89EB76F1CD14}.Debug|Any CPU.ActiveCfg = Debug|Any CPU
		{18ED75F3-CCC5-48F8-A3DA-89EB76F1CD14}.Debug|Any CPU.Build.0 = Debug|Any CPU
		{18ED75F3-CCC5-48F8-A3DA-89EB76F1CD14}.Release|Any CPU.ActiveCfg = Release|Any CPU
		{18ED75F3-CCC5-48F8-A3DA-89EB76F1CD14}.Release|Any CPU.Build.0 = Release|Any CPU
		{82C5DA37-BD2B-485B-96F4-02A4E72E8CBB}.Debug|Any CPU.ActiveCfg = Debug|Any CPU
		{82C5DA37-BD2B-485B-96F4-02A4E72E8CBB}.Debug|Any CPU.Build.0 = Debug|Any CPU
		{82C5DA37-BD2B-485B-96F4-02A4E72E8CBB}.Release|Any CPU.ActiveCfg = Release|Any CPU
		{82C5DA37-BD2B-485B-96F4-02A4E72E8CBB}.Release|Any CPU.Build.0 = Release|Any CPU
		{13A9627A-7554-44A5-9456-02E547994DB3}.Debug|Any CPU.ActiveCfg = Debug|Any CPU
		{13A9627A-7554-44A5-9456-02E547994DB3}.Debug|Any CPU.Build.0 = Debug|Any CPU
		{13A9627A-7554-44A5-9456-02E547994DB3}.Release|Any CPU.ActiveCfg = Release|Any CPU
		{13A9627A-7554-44A5-9456-02E547994DB3}.Release|Any CPU.Build.0 = Release|Any CPU
		{E095639E-C5DC-4135-BA98-6606AD7BC2AF}.Debug|Any CPU.ActiveCfg = Debug|Any CPU
		{E095639E-C5DC-4135-BA98-6606AD7BC2AF}.Debug|Any CPU.Build.0 = Debug|Any CPU
		{E095639E-C5DC-4135-BA98-6606AD7BC2AF}.Release|Any CPU.ActiveCfg = Release|Any CPU
		{E095639E-C5DC-4135-BA98-6606AD7BC2AF}.Release|Any CPU.Build.0 = Release|Any CPU
		{64EE23A8-8129-4EC0-80B3-EE162F9AF963}.Debug|Any CPU.ActiveCfg = Debug|Any CPU
		{64EE23A8-8129-4EC0-80B3-EE162F9AF963}.Debug|Any CPU.Build.0 = Debug|Any CPU
		{64EE23A8-8129-4EC0-80B3-EE162F9AF963}.Release|Any CPU.ActiveCfg = Release|Any CPU
		{64EE23A8-8129-4EC0-80B3-EE162F9AF963}.Release|Any CPU.Build.0 = Release|Any CPU
		{05E08DCE-A56A-4CCB-ADB6-FBE17B87C3C7}.Debug|Any CPU.ActiveCfg = Debug|Any CPU
		{05E08DCE-A56A-4CCB-ADB6-FBE17B87C3C7}.Debug|Any CPU.Build.0 = Debug|Any CPU
		{05E08DCE-A56A-4CCB-ADB6-FBE17B87C3C7}.Release|Any CPU.ActiveCfg = Release|Any CPU
		{05E08DCE-A56A-4CCB-ADB6-FBE17B87C3C7}.Release|Any CPU.Build.0 = Release|Any CPU
		{75CE067C-08C6-4427-B454-219F42D01436}.Debug|Any CPU.ActiveCfg = Debug|Any CPU
		{75CE067C-08C6-4427-B454-219F42D01436}.Debug|Any CPU.Build.0 = Debug|Any CPU
		{75CE067C-08C6-4427-B454-219F42D01436}.Release|Any CPU.ActiveCfg = Release|Any CPU
		{75CE067C-08C6-4427-B454-219F42D01436}.Release|Any CPU.Build.0 = Release|Any CPU
		{E52900A7-4F89-47D8-A5EF-CFD1CA0D9B64}.Debug|Any CPU.ActiveCfg = Debug|Any CPU
		{E52900A7-4F89-47D8-A5EF-CFD1CA0D9B64}.Debug|Any CPU.Build.0 = Debug|Any CPU
		{E52900A7-4F89-47D8-A5EF-CFD1CA0D9B64}.Release|Any CPU.ActiveCfg = Release|Any CPU
		{E52900A7-4F89-47D8-A5EF-CFD1CA0D9B64}.Release|Any CPU.Build.0 = Release|Any CPU
		{1B0CB095-629C-4B68-8934-D09FF61C510C}.Debug|Any CPU.ActiveCfg = Debug|Any CPU
		{1B0CB095-629C-4B68-8934-D09FF61C510C}.Debug|Any CPU.Build.0 = Debug|Any CPU
		{1B0CB095-629C-4B68-8934-D09FF61C510C}.Release|Any CPU.ActiveCfg = Release|Any CPU
		{1B0CB095-629C-4B68-8934-D09FF61C510C}.Release|Any CPU.Build.0 = Release|Any CPU
	EndGlobalSection
	GlobalSection(SolutionProperties) = preSolution
		HideSolutionNode = FALSE
	EndGlobalSection
	GlobalSection(NestedProjects) = preSolution
		{D0B7A1AE-91CE-4E53-9BC8-A7923D7D3ACA} = {3CEDDC9D-54C5-4D4D-8BA1-B52937CD4083}
		{EA9B085F-AA28-4781-A1F4-F0AE6D46062D} = {D7CA31DE-BB52-49C3-A327-4100B40764A4}
		{D7CA31DE-BB52-49C3-A327-4100B40764A4} = {D0B7A1AE-91CE-4E53-9BC8-A7923D7D3ACA}
		{60A64FDD-6AB4-490C-AC8D-383F58339363} = {D0B7A1AE-91CE-4E53-9BC8-A7923D7D3ACA}
		{2EEE7431-C9E7-43AC-BC21-5CAC887739D0} = {60A64FDD-6AB4-490C-AC8D-383F58339363}
		{18ED75F3-CCC5-48F8-A3DA-89EB76F1CD14} = {60A64FDD-6AB4-490C-AC8D-383F58339363}
		{7A0F8868-B648-49F0-9EF3-7BC4C40B7749} = {D0B7A1AE-91CE-4E53-9BC8-A7923D7D3ACA}
		{82C5DA37-BD2B-485B-96F4-02A4E72E8CBB} = {7A0F8868-B648-49F0-9EF3-7BC4C40B7749}
		{EC81111E-2CBB-4C8A-AF12-B7427216D107} = {D0B7A1AE-91CE-4E53-9BC8-A7923D7D3ACA}
		{13A9627A-7554-44A5-9456-02E547994DB3} = {EC81111E-2CBB-4C8A-AF12-B7427216D107}
		{8D0E419F-D096-4270-8A63-3302457E29FC} = {D0B7A1AE-91CE-4E53-9BC8-A7923D7D3ACA}
		{E095639E-C5DC-4135-BA98-6606AD7BC2AF} = {8D0E419F-D096-4270-8A63-3302457E29FC}
		{DDBAC5FB-ECCE-4F41-9949-BF3421349D7C} = {D0B7A1AE-91CE-4E53-9BC8-A7923D7D3ACA}
		{64EE23A8-8129-4EC0-80B3-EE162F9AF963} = {DDBAC5FB-ECCE-4F41-9949-BF3421349D7C}
		{50D60893-59C3-42C7-91F0-FA0F60515945} = {3CEDDC9D-54C5-4D4D-8BA1-B52937CD4083}
		{104480CD-301F-48D2-86E3-C925E20F6857} = {3CEDDC9D-54C5-4D4D-8BA1-B52937CD4083}
		{25524407-1162-44FF-BCB2-547AB4D356FE} = {3CEDDC9D-54C5-4D4D-8BA1-B52937CD4083}
		{479A5527-0CB0-4D2E-8264-E57FD067624D} = {3CEDDC9D-54C5-4D4D-8BA1-B52937CD4083}
		{05E08DCE-A56A-4CCB-ADB6-FBE17B87C3C7} = {479A5527-0CB0-4D2E-8264-E57FD067624D}
		{75CE067C-08C6-4427-B454-219F42D01436} = {479A5527-0CB0-4D2E-8264-E57FD067624D}
		{E52900A7-4F89-47D8-A5EF-CFD1CA0D9B64} = {479A5527-0CB0-4D2E-8264-E57FD067624D}
		{1B0CB095-629C-4B68-8934-D09FF61C510C} = {356138FE-1813-4E9B-AB54-B89D8E5F6786}
	EndGlobalSection
	GlobalSection(ExtensibilityGlobals) = postSolution
		SolutionGuid = {191C46EF-F45D-438E-8CDA-45FC96BD4174}
	EndGlobalSection
EndGlobal
